
Microsoft Visual Studio Solution File, Format Version 12.00
# Visual Studio Version 16
VisualStudioVersion = 16.0.31205.134
MinimumVisualStudioVersion = 10.0.40219.1
Project("{FAE04EC0-301F-11D3-BF4B-00C04F79EFBC}") = "Elizabeth_PinosEP1.Android", "Elizabeth_PinosEP1.Android\Elizabeth_PinosEP1.Android.csproj", "{D9703C6E-D45D-46E7-B9F1-F2ED715EB32A}"
EndProject
Project("{FAE04EC0-301F-11D3-BF4B-00C04F79EFBC}") = "Elizabeth_PinosEP1.iOS", "Elizabeth_PinosEP1.iOS\Elizabeth_PinosEP1.iOS.csproj", "{0FBE99BB-A39B-4D0B-967A-BC076D2915EE}"
EndProject
Project("{FAE04EC0-301F-11D3-BF4B-00C04F79EFBC}") = "Elizabeth_PinosEP1", "Elizabeth_PinosEP1\Elizabeth_PinosEP1.csproj", "{486A3011-F728-45BA-ABEC-AA57CDB56CE4}"
EndProject
Global
	GlobalSection(SolutionConfigurationPlatforms) = preSolution
		Debug|Any CPU = Debug|Any CPU
		Debug|iPhone = Debug|iPhone
		Debug|iPhoneSimulator = Debug|iPhoneSimulator
		Release|Any CPU = Release|Any CPU
		Release|iPhone = Release|iPhone
		Release|iPhoneSimulator = Release|iPhoneSimulator
	EndGlobalSection
	GlobalSection(ProjectConfigurationPlatforms) = postSolution
		{D9703C6E-D45D-46E7-B9F1-F2ED715EB32A}.Debug|Any CPU.ActiveCfg = Debug|Any CPU
		{D9703C6E-D45D-46E7-B9F1-F2ED715EB32A}.Debug|Any CPU.Build.0 = Debug|Any CPU
		{D9703C6E-D45D-46E7-B9F1-F2ED715EB32A}.Debug|Any CPU.Deploy.0 = Debug|Any CPU
		{D9703C6E-D45D-46E7-B9F1-F2ED715EB32A}.Debug|iPhone.ActiveCfg = Debug|Any CPU
		{D9703C6E-D45D-46E7-B9F1-F2ED715EB32A}.Debug|iPhone.Build.0 = Debug|Any CPU
		{D9703C6E-D45D-46E7-B9F1-F2ED715EB32A}.Debug|iPhone.Deploy.0 = Debug|Any CPU
		{D9703C6E-D45D-46E7-B9F1-F2ED715EB32A}.Debug|iPhoneSimulator.ActiveCfg = Debug|Any CPU
		{D9703C6E-D45D-46E7-B9F1-F2ED715EB32A}.Debug|iPhoneSimulator.Build.0 = Debug|Any CPU
		{D9703C6E-D45D-46E7-B9F1-F2ED715EB32A}.Debug|iPhoneSimulator.Deploy.0 = Debug|Any CPU
		{D9703C6E-D45D-46E7-B9F1-F2ED715EB32A}.Release|Any CPU.ActiveCfg = Release|Any CPU
		{D9703C6E-D45D-46E7-B9F1-F2ED715EB32A}.Release|Any CPU.Build.0 = Release|Any CPU
		{D9703C6E-D45D-46E7-B9F1-F2ED715EB32A}.Release|Any CPU.Deploy.0 = Release|Any CPU
		{D9703C6E-D45D-46E7-B9F1-F2ED715EB32A}.Release|iPhone.ActiveCfg = Release|Any CPU
		{D9703C6E-D45D-46E7-B9F1-F2ED715EB32A}.Release|iPhone.Build.0 = Release|Any CPU
		{D9703C6E-D45D-46E7-B9F1-F2ED715EB32A}.Release|iPhone.Deploy.0 = Release|Any CPU
		{D9703C6E-D45D-46E7-B9F1-F2ED715EB32A}.Release|iPhoneSimulator.ActiveCfg = Release|Any CPU
		{D9703C6E-D45D-46E7-B9F1-F2ED715EB32A}.Release|iPhoneSimulator.Build.0 = Release|Any CPU
		{D9703C6E-D45D-46E7-B9F1-F2ED715EB32A}.Release|iPhoneSimulator.Deploy.0 = Release|Any CPU
		{0FBE99BB-A39B-4D0B-967A-BC076D2915EE}.Debug|Any CPU.ActiveCfg = Debug|iPhone
		{0FBE99BB-A39B-4D0B-967A-BC076D2915EE}.Debug|Any CPU.Build.0 = Debug|iPhone
		{0FBE99BB-A39B-4D0B-967A-BC076D2915EE}.Debug|Any CPU.Deploy.0 = Debug|iPhone
		{0FBE99BB-A39B-4D0B-967A-BC076D2915EE}.Debug|iPhone.ActiveCfg = Debug|iPhone
		{0FBE99BB-A39B-4D0B-967A-BC076D2915EE}.Debug|iPhone.Build.0 = Debug|iPhone
		{0FBE99BB-A39B-4D0B-967A-BC076D2915EE}.Debug|iPhone.Deploy.0 = Debug|iPhone
		{0FBE99BB-A39B-4D0B-967A-BC076D2915EE}.Debug|iPhoneSimulator.ActiveCfg = Debug|iPhoneSimulator
		{0FBE99BB-A39B-4D0B-967A-BC076D2915EE}.Debug|iPhoneSimulator.Build.0 = Debug|iPhoneSimulator
		{0FBE99BB-A39B-4D0B-967A-BC076D2915EE}.Debug|iPhoneSimulator.Deploy.0 = Debug|iPhoneSimulator
		{0FBE99BB-A39B-4D0B-967A-BC076D2915EE}.Release|Any CPU.ActiveCfg = Release|iPhoneSimulator
		{0FBE99BB-A39B-4D0B-967A-BC076D2915EE}.Release|Any CPU.Build.0 = Release|iPhoneSimulator
		{0FBE99BB-A39B-4D0B-967A-BC076D2915EE}.Release|Any CPU.Deploy.0 = Release|iPhoneSimulator
		{0FBE99BB-A39B-4D0B-967A-BC076D2915EE}.Release|iPhone.ActiveCfg = Release|iPhone
		{0FBE99BB-A39B-4D0B-967A-BC076D2915EE}.Release|iPhone.Build.0 = Release|iPhone
		{0FBE99BB-A39B-4D0B-967A-BC076D2915EE}.Release|iPhone.Deploy.0 = Release|iPhone
		{0FBE99BB-A39B-4D0B-967A-BC076D2915EE}.Release|iPhoneSimulator.ActiveCfg = Release|iPhoneSimulator
		{0FBE99BB-A39B-4D0B-967A-BC076D2915EE}.Release|iPhoneSimulator.Build.0 = Release|iPhoneSimulator
		{0FBE99BB-A39B-4D0B-967A-BC076D2915EE}.Release|iPhoneSimulator.Deploy.0 = Release|iPhoneSimulator
		{486A3011-F728-45BA-ABEC-AA57CDB56CE4}.Debug|Any CPU.ActiveCfg = Debug|Any CPU
		{486A3011-F728-45BA-ABEC-AA57CDB56CE4}.Debug|Any CPU.Build.0 = Debug|Any CPU
		{486A3011-F728-45BA-ABEC-AA57CDB56CE4}.Debug|Any CPU.Deploy.0 = Debug|Any CPU
		{486A3011-F728-45BA-ABEC-AA57CDB56CE4}.Debug|iPhone.ActiveCfg = Debug|Any CPU
		{486A3011-F728-45BA-ABEC-AA57CDB56CE4}.Debug|iPhone.Build.0 = Debug|Any CPU
		{486A3011-F728-45BA-ABEC-AA57CDB56CE4}.Debug|iPhone.Deploy.0 = Debug|Any CPU
		{486A3011-F728-45BA-ABEC-AA57CDB56CE4}.Debug|iPhoneSimulator.ActiveCfg = Debug|Any CPU
		{486A3011-F728-45BA-ABEC-AA57CDB56CE4}.Debug|iPhoneSimulator.Build.0 = Debug|Any CPU
		{486A3011-F728-45BA-ABEC-AA57CDB56CE4}.Debug|iPhoneSimulator.Deploy.0 = Debug|Any CPU
		{486A3011-F728-45BA-ABEC-AA57CDB56CE4}.Release|Any CPU.ActiveCfg = Release|Any CPU
		{486A3011-F728-45BA-ABEC-AA57CDB56CE4}.Release|Any CPU.Build.0 = Release|Any CPU
		{486A3011-F728-45BA-ABEC-AA57CDB56CE4}.Release|Any CPU.Deploy.0 = Release|Any CPU
		{486A3011-F728-45BA-ABEC-AA57CDB56CE4}.Release|iPhone.ActiveCfg = Release|Any CPU
		{486A3011-F728-45BA-ABEC-AA57CDB56CE4}.Release|iPhone.Build.0 = Release|Any CPU
		{486A3011-F728-45BA-ABEC-AA57CDB56CE4}.Release|iPhone.Deploy.0 = Release|Any CPU
		{486A3011-F728-45BA-ABEC-AA57CDB56CE4}.Release|iPhoneSimulator.ActiveCfg = Release|Any CPU
		{486A3011-F728-45BA-ABEC-AA57CDB56CE4}.Release|iPhoneSimulator.Build.0 = Release|Any CPU
		{486A3011-F728-45BA-ABEC-AA57CDB56CE4}.Release|iPhoneSimulator.Deploy.0 = Release|Any CPU
	EndGlobalSection
	GlobalSection(SolutionProperties) = preSolution
		HideSolutionNode = FALSE
	EndGlobalSection
	GlobalSection(ExtensibilityGlobals) = postSolution
		SolutionGuid = {27BB375B-402B-4C1A-8787-FA8A31CD243A}
	EndGlobalSection
EndGlobal
